dependencies:
  example_init:
    dependencies: []
    source:
      path: /home/tvconss/esp/esp-idf/examples/bluetooth/esp_ble_mesh/common_components/example_init
      type: local
    version: '*'
  idf:
    source:
      type: idf
    version: 5.4.1
  mqtt_service:
    dependencies: []
    source:
      path: /home/tvconss/Workspace/mang-trong-iot/esp/onoff_server/main/mqtt_service
      type: local
    version: '*'
  setup_wifi:
    dependencies: []
    source:
      path: /home/tvconss/Workspace/mang-trong-iot/esp/onoff_server/main/setup_wifi
      type: local
    version: '*'
direct_dependencies:
- example_init
- mqtt_service
- setup_wifi
manifest_hash: 58fbd2d9337ff3e476d3a470d358f06edce0812b5cac11ca8028e1d96d1c3ae7
target: esp32
version: 2.0.0
