dependencies:
  dht_simulation:
    dependencies: []
    source:
      path: /home/tvconss/Workspace/mang-trong-iot/esp/sensor_client/main/dht_simulation
      type: local
    version: '*'
  example_init:
    dependencies: []
    source:
      path: /home/tvconss/esp/esp-idf/examples/bluetooth/esp_ble_mesh/common_components/example_init
      type: local
    version: '*'
  idf:
    source:
      type: idf
    version: 5.4.1
  ldr_simulation:
    dependencies: []
    source:
      path: /home/tvconss/Workspace/mang-trong-iot/esp/sensor_client/main/ldr_simulation
      type: local
    version: '*'
direct_dependencies:
- dht_simulation
- example_init
- ldr_simulation
manifest_hash: b09f902783ca688a95cbbcbe39d5a0a105ad3361fa60627fdd99d2b8f4ee8633
target: esp32s3
version: 2.0.0
